
Microsoft Visual Studio Solution File, Format Version 12.00
# Visual Studio Version 17
VisualStudioVersion = 17.11.35312.102
MinimumVisualStudioVersion = 10.0.40219.1
Project("{8BC9CEB8-8B4A-11D0-8D11-00A0C91BC942}") = "isEven", "isEven.vcxproj", "{BA01218E-49BE-4C3F-9473-3AF6BE20F37B}"
EndProject
Global
	GlobalSection(SolutionConfigurationPlatforms) = preSolution
		Debug|x64 = Debug|x64
		Debug|x86 = Debug|x86
		Release|x64 = Release|x64
		Release|x86 = Release|x86
	EndGlobalSection
	GlobalSection(ProjectConfigurationPlatforms) = postSolution
		{BA01218E-49BE-4C3F-9473-3AF6BE20F37B}.Debug|x64.ActiveCfg = Debug|x64
		{BA01218E-49BE-4C3F-9473-3AF6BE20F37B}.Debug|x64.Build.0 = Debug|x64
		{BA01218E-49BE-4C3F-9473-3AF6BE20F37B}.Debug|x86.ActiveCfg = Debug|Win32
		{BA01218E-49BE-4C3F-9473-3AF6BE20F37B}.Debug|x86.Build.0 = Debug|Win32
		{BA01218E-49BE-4C3F-9473-3AF6BE20F37B}.Release|x64.ActiveCfg = Release|x64
		{BA01218E-49BE-4C3F-9473-3AF6BE20F37B}.Release|x64.Build.0 = Release|x64
		{BA01218E-49BE-4C3F-9473-3AF6BE20F37B}.Release|x86.ActiveCfg = Release|Win32
		{BA01218E-49BE-4C3F-9473-3AF6BE20F37B}.Release|x86.Build.0 = Release|Win32
	EndGlobalSection
	GlobalSection(SolutionProperties) = preSolution
		HideSolutionNode = FALSE
	EndGlobalSection
	GlobalSection(ExtensibilityGlobals) = postSolution
		SolutionGuid = {607301D4-2405-41FA-95D6-A9C76C2D55CD}
	EndGlobalSection
EndGlobal
